
Microsoft Visual Studio Solution File, Format Version 12.00
# Visual Studio 15
VisualStudioVersion = 15.0.26124.0
MinimumVisualStudioVersion = 15.0.26124.0
Project("{FAE04EC0-301F-11D3-BF4B-00C04F79EFBC}") = "dotnetPartTwo.Core", "dotnetPartTwo.Core\dotnetPartTwo.Core.csproj", "{841B72C5-E6CA-4223-8E5F-CCB6F803889C}"
EndProject
Project("{FAE04EC0-301F-11D3-BF4B-00C04F79EFBC}") = "dotnetPartTwo.Data", "dotnetPartTwo.Data\dotnetPartTwo.Data.csproj", "{D9F292A6-69FC-4CCC-979A-61BB77142ACB}"
EndProject
Project("{FAE04EC0-301F-11D3-BF4B-00C04F79EFBC}") = "dotnetPartTwo.Api", "dotnetPartTwo.Api\dotnetPartTwo.Api.csproj", "{B7E7C182-C1EA-4883-9821-DED07AB79FE2}"
EndProject
Project("{FAE04EC0-301F-11D3-BF4B-00C04F79EFBC}") = "dotnetPartTwo.Business", "dotnetPartTwo.Business\dotnetPartTwo.Business.csproj", "{4711998A-4CF2-4CF2-A6DF-F40BD250731F}"
EndProject
Global
	GlobalSection(SolutionConfigurationPlatforms) = preSolution
		Debug|Any CPU = Debug|Any CPU
		Debug|x64 = Debug|x64
		Debug|x86 = Debug|x86
		Release|Any CPU = Release|Any CPU
		Release|x64 = Release|x64
		Release|x86 = Release|x86
	EndGlobalSection
	GlobalSection(SolutionProperties) = preSolution
		HideSolutionNode = FALSE
	EndGlobalSection
	GlobalSection(ProjectConfigurationPlatforms) = postSolution
		{841B72C5-E6CA-4223-8E5F-CCB6F803889C}.Debug|Any CPU.ActiveCfg = Debug|Any CPU
		{841B72C5-E6CA-4223-8E5F-CCB6F803889C}.Debug|Any CPU.Build.0 = Debug|Any CPU
		{841B72C5-E6CA-4223-8E5F-CCB6F803889C}.Debug|x64.ActiveCfg = Debug|Any CPU
		{841B72C5-E6CA-4223-8E5F-CCB6F803889C}.Debug|x64.Build.0 = Debug|Any CPU
		{841B72C5-E6CA-4223-8E5F-CCB6F803889C}.Debug|x86.ActiveCfg = Debug|Any CPU
		{841B72C5-E6CA-4223-8E5F-CCB6F803889C}.Debug|x86.Build.0 = Debug|Any CPU
		{841B72C5-E6CA-4223-8E5F-CCB6F803889C}.Release|Any CPU.ActiveCfg = Release|Any CPU
		{841B72C5-E6CA-4223-8E5F-CCB6F803889C}.Release|Any CPU.Build.0 = Release|Any CPU
		{841B72C5-E6CA-4223-8E5F-CCB6F803889C}.Release|x64.ActiveCfg = Release|Any CPU
		{841B72C5-E6CA-4223-8E5F-CCB6F803889C}.Release|x64.Build.0 = Release|Any CPU
		{841B72C5-E6CA-4223-8E5F-CCB6F803889C}.Release|x86.ActiveCfg = Release|Any CPU
		{841B72C5-E6CA-4223-8E5F-CCB6F803889C}.Release|x86.Build.0 = Release|Any CPU
		{D9F292A6-69FC-4CCC-979A-61BB77142ACB}.Debug|Any CPU.ActiveCfg = Debug|Any CPU
		{D9F292A6-69FC-4CCC-979A-61BB77142ACB}.Debug|Any CPU.Build.0 = Debug|Any CPU
		{D9F292A6-69FC-4CCC-979A-61BB77142ACB}.Debug|x64.ActiveCfg = Debug|Any CPU
		{D9F292A6-69FC-4CCC-979A-61BB77142ACB}.Debug|x64.Build.0 = Debug|Any CPU
		{D9F292A6-69FC-4CCC-979A-61BB77142ACB}.Debug|x86.ActiveCfg = Debug|Any CPU
		{D9F292A6-69FC-4CCC-979A-61BB77142ACB}.Debug|x86.Build.0 = Debug|Any CPU
		{D9F292A6-69FC-4CCC-979A-61BB77142ACB}.Release|Any CPU.ActiveCfg = Release|Any CPU
		{D9F292A6-69FC-4CCC-979A-61BB77142ACB}.Release|Any CPU.Build.0 = Release|Any CPU
		{D9F292A6-69FC-4CCC-979A-61BB77142ACB}.Release|x64.ActiveCfg = Release|Any CPU
		{D9F292A6-69FC-4CCC-979A-61BB77142ACB}.Release|x64.Build.0 = Release|Any CPU
		{D9F292A6-69FC-4CCC-979A-61BB77142ACB}.Release|x86.ActiveCfg = Release|Any CPU
		{D9F292A6-69FC-4CCC-979A-61BB77142ACB}.Release|x86.Build.0 = Release|Any CPU
		{B7E7C182-C1EA-4883-9821-DED07AB79FE2}.Debug|Any CPU.ActiveCfg = Debug|Any CPU
		{B7E7C182-C1EA-4883-9821-DED07AB79FE2}.Debug|Any CPU.Build.0 = Debug|Any CPU
		{B7E7C182-C1EA-4883-9821-DED07AB79FE2}.Debug|x64.ActiveCfg = Debug|Any CPU
		{B7E7C182-C1EA-4883-9821-DED07AB79FE2}.Debug|x64.Build.0 = Debug|Any CPU
		{B7E7C182-C1EA-4883-9821-DED07AB79FE2}.Debug|x86.ActiveCfg = Debug|Any CPU
		{B7E7C182-C1EA-4883-9821-DED07AB79FE2}.Debug|x86.Build.0 = Debug|Any CPU
		{B7E7C182-C1EA-4883-9821-DED07AB79FE2}.Release|Any CPU.ActiveCfg = Release|Any CPU
		{B7E7C182-C1EA-4883-9821-DED07AB79FE2}.Release|Any CPU.Build.0 = Release|Any CPU
		{B7E7C182-C1EA-4883-9821-DED07AB79FE2}.Release|x64.ActiveCfg = Release|Any CPU
		{B7E7C182-C1EA-4883-9821-DED07AB79FE2}.Release|x64.Build.0 = Release|Any CPU
		{B7E7C182-C1EA-4883-9821-DED07AB79FE2}.Release|x86.ActiveCfg = Release|Any CPU
		{B7E7C182-C1EA-4883-9821-DED07AB79FE2}.Release|x86.Build.0 = Release|Any CPU
		{4711998A-4CF2-4CF2-A6DF-F40BD250731F}.Debug|Any CPU.ActiveCfg = Debug|Any CPU
		{4711998A-4CF2-4CF2-A6DF-F40BD250731F}.Debug|Any CPU.Build.0 = Debug|Any CPU
		{4711998A-4CF2-4CF2-A6DF-F40BD250731F}.Debug|x64.ActiveCfg = Debug|Any CPU
		{4711998A-4CF2-4CF2-A6DF-F40BD250731F}.Debug|x64.Build.0 = Debug|Any CPU
		{4711998A-4CF2-4CF2-A6DF-F40BD250731F}.Debug|x86.ActiveCfg = Debug|Any CPU
		{4711998A-4CF2-4CF2-A6DF-F40BD250731F}.Debug|x86.Build.0 = Debug|Any CPU
		{4711998A-4CF2-4CF2-A6DF-F40BD250731F}.Release|Any CPU.ActiveCfg = Release|Any CPU
		{4711998A-4CF2-4CF2-A6DF-F40BD250731F}.Release|Any CPU.Build.0 = Release|Any CPU
		{4711998A-4CF2-4CF2-A6DF-F40BD250731F}.Release|x64.ActiveCfg = Release|Any CPU
		{4711998A-4CF2-4CF2-A6DF-F40BD250731F}.Release|x64.Build.0 = Release|Any CPU
		{4711998A-4CF2-4CF2-A6DF-F40BD250731F}.Release|x86.ActiveCfg = Release|Any CPU
		{4711998A-4CF2-4CF2-A6DF-F40BD250731F}.Release|x86.Build.0 = Release|Any CPU
	EndGlobalSection
EndGlobal
