
Microsoft Visual Studio Solution File, Format Version 12.00
# Visual Studio Version 16
VisualStudioVersion = 16.0.30225.117
MinimumVisualStudioVersion = 15.0.26124.0
Project("{9A19103F-16F7-4668-BE54-9A1E7A4F7556}") = "dotnetPartThree.Core", "dotnetPartThree.Core\dotnetPartThree.Core.csproj", "{F05E8DEC-4ACB-4E7C-BF41-E76C02D977AE}"
EndProject
Project("{9A19103F-16F7-4668-BE54-9A1E7A4F7556}") = "dotnetPartThree.Data", "dotnetPartThree.Data\dotnetPartThree.Data.csproj", "{6DD43A8E-61BE-407E-8AAE-E5B4497330FB}"
EndProject
Project("{9A19103F-16F7-4668-BE54-9A1E7A4F7556}") = "dotnetPartThree.Business", "dotnetPartThree.Business\dotnetPartThree.Business.csproj", "{C4CF0777-08CF-43A8-B8BE-4BE2C8CEDC1A}"
EndProject
Project("{9A19103F-16F7-4668-BE54-9A1E7A4F7556}") = "dotnetPartThree.Api", "dotnetPartThree.Api\dotnetPartThree.Api.csproj", "{363EF3FD-EB3F-445E-881A-A729C90CDD19}"
EndProject
Project("{2150E333-8FDC-42A3-9474-1A3956D46DE8}") = "Solution Items", "Solution Items", "{9BB01C95-9D28-43CC-B40B-BAFAF2A6ECA8}"
	ProjectSection(SolutionItems) = preProject
		Northwind.mdf = Northwind.mdf
		TrainingDb.mdf = TrainingDb.mdf
	EndProjectSection
EndProject
Global
	GlobalSection(SolutionConfigurationPlatforms) = preSolution
		Debug|Any CPU = Debug|Any CPU
		Debug|x64 = Debug|x64
		Debug|x86 = Debug|x86
		Release|Any CPU = Release|Any CPU
		Release|x64 = Release|x64
		Release|x86 = Release|x86
	EndGlobalSection
	GlobalSection(ProjectConfigurationPlatforms) = postSolution
		{F05E8DEC-4ACB-4E7C-BF41-E76C02D977AE}.Debug|Any CPU.ActiveCfg = Debug|Any CPU
		{F05E8DEC-4ACB-4E7C-BF41-E76C02D977AE}.Debug|Any CPU.Build.0 = Debug|Any CPU
		{F05E8DEC-4ACB-4E7C-BF41-E76C02D977AE}.Debug|x64.ActiveCfg = Debug|Any CPU
		{F05E8DEC-4ACB-4E7C-BF41-E76C02D977AE}.Debug|x64.Build.0 = Debug|Any CPU
		{F05E8DEC-4ACB-4E7C-BF41-E76C02D977AE}.Debug|x86.ActiveCfg = Debug|Any CPU
		{F05E8DEC-4ACB-4E7C-BF41-E76C02D977AE}.Debug|x86.Build.0 = Debug|Any CPU
		{F05E8DEC-4ACB-4E7C-BF41-E76C02D977AE}.Release|Any CPU.ActiveCfg = Release|Any CPU
		{F05E8DEC-4ACB-4E7C-BF41-E76C02D977AE}.Release|Any CPU.Build.0 = Release|Any CPU
		{F05E8DEC-4ACB-4E7C-BF41-E76C02D977AE}.Release|x64.ActiveCfg = Release|Any CPU
		{F05E8DEC-4ACB-4E7C-BF41-E76C02D977AE}.Release|x64.Build.0 = Release|Any CPU
		{F05E8DEC-4ACB-4E7C-BF41-E76C02D977AE}.Release|x86.ActiveCfg = Release|Any CPU
		{F05E8DEC-4ACB-4E7C-BF41-E76C02D977AE}.Release|x86.Build.0 = Release|Any CPU
		{6DD43A8E-61BE-407E-8AAE-E5B4497330FB}.Debug|Any CPU.ActiveCfg = Debug|Any CPU
		{6DD43A8E-61BE-407E-8AAE-E5B4497330FB}.Debug|Any CPU.Build.0 = Debug|Any CPU
		{6DD43A8E-61BE-407E-8AAE-E5B4497330FB}.Debug|x64.ActiveCfg = Debug|Any CPU
		{6DD43A8E-61BE-407E-8AAE-E5B4497330FB}.Debug|x64.Build.0 = Debug|Any CPU
		{6DD43A8E-61BE-407E-8AAE-E5B4497330FB}.Debug|x86.ActiveCfg = Debug|Any CPU
		{6DD43A8E-61BE-407E-8AAE-E5B4497330FB}.Debug|x86.Build.0 = Debug|Any CPU
		{6DD43A8E-61BE-407E-8AAE-E5B4497330FB}.Release|Any CPU.ActiveCfg = Release|Any CPU
		{6DD43A8E-61BE-407E-8AAE-E5B4497330FB}.Release|Any CPU.Build.0 = Release|Any CPU
		{6DD43A8E-61BE-407E-8AAE-E5B4497330FB}.Release|x64.ActiveCfg = Release|Any CPU
		{6DD43A8E-61BE-407E-8AAE-E5B4497330FB}.Release|x64.Build.0 = Release|Any CPU
		{6DD43A8E-61BE-407E-8AAE-E5B4497330FB}.Release|x86.ActiveCfg = Release|Any CPU
		{6DD43A8E-61BE-407E-8AAE-E5B4497330FB}.Release|x86.Build.0 = Release|Any CPU
		{C4CF0777-08CF-43A8-B8BE-4BE2C8CEDC1A}.Debug|Any CPU.ActiveCfg = Debug|Any CPU
		{C4CF0777-08CF-43A8-B8BE-4BE2C8CEDC1A}.Debug|Any CPU.Build.0 = Debug|Any CPU
		{C4CF0777-08CF-43A8-B8BE-4BE2C8CEDC1A}.Debug|x64.ActiveCfg = Debug|Any CPU
		{C4CF0777-08CF-43A8-B8BE-4BE2C8CEDC1A}.Debug|x64.Build.0 = Debug|Any CPU
		{C4CF0777-08CF-43A8-B8BE-4BE2C8CEDC1A}.Debug|x86.ActiveCfg = Debug|Any CPU
		{C4CF0777-08CF-43A8-B8BE-4BE2C8CEDC1A}.Debug|x86.Build.0 = Debug|Any CPU
		{C4CF0777-08CF-43A8-B8BE-4BE2C8CEDC1A}.Release|Any CPU.ActiveCfg = Release|Any CPU
		{C4CF0777-08CF-43A8-B8BE-4BE2C8CEDC1A}.Release|Any CPU.Build.0 = Release|Any CPU
		{C4CF0777-08CF-43A8-B8BE-4BE2C8CEDC1A}.Release|x64.ActiveCfg = Release|Any CPU
		{C4CF0777-08CF-43A8-B8BE-4BE2C8CEDC1A}.Release|x64.Build.0 = Release|Any CPU
		{C4CF0777-08CF-43A8-B8BE-4BE2C8CEDC1A}.Release|x86.ActiveCfg = Release|Any CPU
		{C4CF0777-08CF-43A8-B8BE-4BE2C8CEDC1A}.Release|x86.Build.0 = Release|Any CPU
		{363EF3FD-EB3F-445E-881A-A729C90CDD19}.Debug|Any CPU.ActiveCfg = Debug|Any CPU
		{363EF3FD-EB3F-445E-881A-A729C90CDD19}.Debug|Any CPU.Build.0 = Debug|Any CPU
		{363EF3FD-EB3F-445E-881A-A729C90CDD19}.Debug|x64.ActiveCfg = Debug|Any CPU
		{363EF3FD-EB3F-445E-881A-A729C90CDD19}.Debug|x64.Build.0 = Debug|Any CPU
		{363EF3FD-EB3F-445E-881A-A729C90CDD19}.Debug|x86.ActiveCfg = Debug|Any CPU
		{363EF3FD-EB3F-445E-881A-A729C90CDD19}.Debug|x86.Build.0 = Debug|Any CPU
		{363EF3FD-EB3F-445E-881A-A729C90CDD19}.Release|Any CPU.ActiveCfg = Release|Any CPU
		{363EF3FD-EB3F-445E-881A-A729C90CDD19}.Release|Any CPU.Build.0 = Release|Any CPU
		{363EF3FD-EB3F-445E-881A-A729C90CDD19}.Release|x64.ActiveCfg = Release|Any CPU
		{363EF3FD-EB3F-445E-881A-A729C90CDD19}.Release|x64.Build.0 = Release|Any CPU
		{363EF3FD-EB3F-445E-881A-A729C90CDD19}.Release|x86.ActiveCfg = Release|Any CPU
		{363EF3FD-EB3F-445E-881A-A729C90CDD19}.Release|x86.Build.0 = Release|Any CPU
	EndGlobalSection
	GlobalSection(SolutionProperties) = preSolution
		HideSolutionNode = FALSE
	EndGlobalSection
	GlobalSection(ExtensibilityGlobals) = postSolution
		SolutionGuid = {E2E44CB8-4F8B-4D93-AFA8-78AB88AF4BBC}
	EndGlobalSection
EndGlobal
